
Microsoft Visual Studio Solution File, Format Version 12.00
# Visual Studio Version 17
VisualStudioVersion = 17.1.32414.318
MinimumVisualStudioVersion = 10.0.40219.1
Project("{FAE04EC0-301F-11D3-BF4B-00C04F79EFBC}") = "ListaIndirizzi", "ListaIndirizzi\ListaIndirizzi.csproj", "{6C0F30DB-72A3-4E9F-8603-5773ED0CDAAD}"
EndProject
Global
	GlobalSection(SolutionConfigurationPlatforms) = preSolution
		Debug|Any CPU = Debug|Any CPU
		Release|Any CPU = Release|Any CPU
	EndGlobalSection
	GlobalSection(ProjectConfigurationPlatforms) = postSolution
		{6C0F30DB-72A3-4E9F-8603-5773ED0CDAAD}.Debug|Any CPU.ActiveCfg = Debug|Any CPU
		{6C0F30DB-72A3-4E9F-8603-5773ED0CDAAD}.Debug|Any CPU.Build.0 = Debug|Any CPU
		{6C0F30DB-72A3-4E9F-8603-5773ED0CDAAD}.Release|Any CPU.ActiveCfg = Release|Any CPU
		{6C0F30DB-72A3-4E9F-8603-5773ED0CDAAD}.Release|Any CPU.Build.0 = Release|Any CPU
	EndGlobalSection
	GlobalSection(SolutionProperties) = preSolution
		HideSolutionNode = FALSE
	EndGlobalSection
	GlobalSection(ExtensibilityGlobals) = postSolution
		SolutionGuid = {C49AE8FF-DA25-4A32-9C39-231C7C5D7E33}
	EndGlobalSection
EndGlobal
